
Microsoft Visual Studio Solution File, Format Version 12.00
# Visual Studio Version 16
VisualStudioVersion = 16.0.30717.126
MinimumVisualStudioVersion = 10.0.40219.1
Project("{2150E333-8FDC-42A3-9474-1A3956D46DE8}") = "UnixTime", "UnixTime", "{0FF52DFB-50A7-460F-AE58-A07C9DFF9FA1}"
EndProject
Project("{9A19103F-16F7-4668-BE54-9A1E7A4F7556}") = "Logging", "Logging\Logging.csproj", "{C7F4F761-0F42-4C9D-827C-C703D9865B05}"
EndProject
Project("{778DAE3C-4631-46EA-AA77-85C1314464D9}") = "UnixTime", "UnixTime\UnixTime\UnixTime.vbproj", "{0C6B1E07-0A5A-4521-AE60-BC8462A38579}"
EndProject
Project("{778DAE3C-4631-46EA-AA77-85C1314464D9}") = "UnixTime.XUnitTest", "UnixTime\UnixTime.XUnitTest\UnixTime.XUnitTest.vbproj", "{7CD4D3C4-EB4F-42AB-B794-2B06D5D4E151}"
EndProject
Project("{778DAE3C-4631-46EA-AA77-85C1314464D9}") = "Hosting", "Hosting\Hosting.vbproj", "{6189504C-0F92-49E4-A4CA-90B67071DDBA}"
EndProject
Project("{778DAE3C-4631-46EA-AA77-85C1314464D9}") = "Core", "Core\Core.vbproj", "{27D5CC4C-DE29-4D9C-A76A-DA93C492E3EA}"
EndProject
Project("{9A19103F-16F7-4668-BE54-9A1E7A4F7556}") = "GenericHostAsWindowsService", "GenericHostAsWindowsService\GenericHostAsWindowsService.csproj", "{5CF78FCF-9DB9-4B6F-9C02-ADA14AD5FB0D}"
EndProject
Global
	GlobalSection(SolutionConfigurationPlatforms) = preSolution
		Debug|Any CPU = Debug|Any CPU
		Release|Any CPU = Release|Any CPU
	EndGlobalSection
	GlobalSection(ProjectConfigurationPlatforms) = postSolution
		{C7F4F761-0F42-4C9D-827C-C703D9865B05}.Debug|Any CPU.ActiveCfg = Debug|Any CPU
		{C7F4F761-0F42-4C9D-827C-C703D9865B05}.Debug|Any CPU.Build.0 = Debug|Any CPU
		{C7F4F761-0F42-4C9D-827C-C703D9865B05}.Release|Any CPU.ActiveCfg = Release|Any CPU
		{C7F4F761-0F42-4C9D-827C-C703D9865B05}.Release|Any CPU.Build.0 = Release|Any CPU
		{0C6B1E07-0A5A-4521-AE60-BC8462A38579}.Debug|Any CPU.ActiveCfg = Debug|Any CPU
		{0C6B1E07-0A5A-4521-AE60-BC8462A38579}.Debug|Any CPU.Build.0 = Debug|Any CPU
		{0C6B1E07-0A5A-4521-AE60-BC8462A38579}.Release|Any CPU.ActiveCfg = Release|Any CPU
		{0C6B1E07-0A5A-4521-AE60-BC8462A38579}.Release|Any CPU.Build.0 = Release|Any CPU
		{7CD4D3C4-EB4F-42AB-B794-2B06D5D4E151}.Debug|Any CPU.ActiveCfg = Debug|Any CPU
		{7CD4D3C4-EB4F-42AB-B794-2B06D5D4E151}.Debug|Any CPU.Build.0 = Debug|Any CPU
		{7CD4D3C4-EB4F-42AB-B794-2B06D5D4E151}.Release|Any CPU.ActiveCfg = Release|Any CPU
		{7CD4D3C4-EB4F-42AB-B794-2B06D5D4E151}.Release|Any CPU.Build.0 = Release|Any CPU
		{6189504C-0F92-49E4-A4CA-90B67071DDBA}.Debug|Any CPU.ActiveCfg = Debug|Any CPU
		{6189504C-0F92-49E4-A4CA-90B67071DDBA}.Debug|Any CPU.Build.0 = Debug|Any CPU
		{6189504C-0F92-49E4-A4CA-90B67071DDBA}.Release|Any CPU.ActiveCfg = Release|Any CPU
		{6189504C-0F92-49E4-A4CA-90B67071DDBA}.Release|Any CPU.Build.0 = Release|Any CPU
		{27D5CC4C-DE29-4D9C-A76A-DA93C492E3EA}.Debug|Any CPU.ActiveCfg = Debug|Any CPU
		{27D5CC4C-DE29-4D9C-A76A-DA93C492E3EA}.Debug|Any CPU.Build.0 = Debug|Any CPU
		{27D5CC4C-DE29-4D9C-A76A-DA93C492E3EA}.Release|Any CPU.ActiveCfg = Release|Any CPU
		{27D5CC4C-DE29-4D9C-A76A-DA93C492E3EA}.Release|Any CPU.Build.0 = Release|Any CPU
		{5CF78FCF-9DB9-4B6F-9C02-ADA14AD5FB0D}.Debug|Any CPU.ActiveCfg = Debug|Any CPU
		{5CF78FCF-9DB9-4B6F-9C02-ADA14AD5FB0D}.Debug|Any CPU.Build.0 = Debug|Any CPU
		{5CF78FCF-9DB9-4B6F-9C02-ADA14AD5FB0D}.Release|Any CPU.ActiveCfg = Release|Any CPU
		{5CF78FCF-9DB9-4B6F-9C02-ADA14AD5FB0D}.Release|Any CPU.Build.0 = Release|Any CPU
	EndGlobalSection
	GlobalSection(SolutionProperties) = preSolution
		HideSolutionNode = FALSE
	EndGlobalSection
	GlobalSection(NestedProjects) = preSolution
		{0C6B1E07-0A5A-4521-AE60-BC8462A38579} = {0FF52DFB-50A7-460F-AE58-A07C9DFF9FA1}
		{7CD4D3C4-EB4F-42AB-B794-2B06D5D4E151} = {0FF52DFB-50A7-460F-AE58-A07C9DFF9FA1}
	EndGlobalSection
	GlobalSection(ExtensibilityGlobals) = postSolution
		SolutionGuid = {BF299FD6-6CFC-4CC6-8A1F-C2B27E0B101D}
	EndGlobalSection
EndGlobal
