
Microsoft Visual Studio Solution File, Format Version 12.00
# Visual Studio Version 16
VisualStudioVersion = 16.0.30717.126
MinimumVisualStudioVersion = 10.0.40219.1
Project("{2150E333-8FDC-42A3-9474-1A3956D46DE8}") = "UnixTime", "UnixTime", "{0FF52DFB-50A7-460F-AE58-A07C9DFF9FA1}"
EndProject
Project("{778DAE3C-4631-46EA-AA77-85C1314464D9}") = "UnixTime", "UnixTime\UnixTime\UnixTime.vbproj", "{0C6B1E07-0A5A-4521-AE60-BC8462A38579}"
EndProject
Project("{778DAE3C-4631-46EA-AA77-85C1314464D9}") = "UnixTime.XUnitTest", "UnixTime\UnixTime.XUnitTest\UnixTime.XUnitTest.vbproj", "{7CD4D3C4-EB4F-42AB-B794-2B06D5D4E151}"
EndProject
Project("{778DAE3C-4631-46EA-AA77-85C1314464D9}") = "Hosting", "Hosting\Hosting.vbproj", "{6189504C-0F92-49E4-A4CA-90B67071DDBA}"
EndProject
Project("{9A19103F-16F7-4668-BE54-9A1E7A4F7556}") = "ConsoleAppInfrasructureCheckin", "ConsoleAppInfrasructureCheckin\ConsoleAppInfrasructureCheckin.csproj", "{3CC13180-6121-49BA-8BCA-2769DA15BEEF}"
EndProject
Project("{2150E333-8FDC-42A3-9474-1A3956D46DE8}") = "OnionCore", "OnionCore", "{289D8847-A27C-4D94-B1AD-E04EA5AADB49}"
EndProject
Project("{778DAE3C-4631-46EA-AA77-85C1314464D9}") = "Core", "OnionCore\Core\Core.vbproj", "{2BEACBBF-64F8-4497-9CDB-1278F49AA36D}"
EndProject
Project("{778DAE3C-4631-46EA-AA77-85C1314464D9}") = "CoreSqlDatabaseTestingConsole", "OnionCore\CoreSqlDatabaseTestingConsole\CoreSqlDatabaseTestingConsole.vbproj", "{B980B716-FF63-46BF-A062-59C98911957D}"
EndProject
Project("{778DAE3C-4631-46EA-AA77-85C1314464D9}") = "Model1", "OnionCore\Model1\Model1.vbproj", "{BAAB3830-CF52-419A-95EE-D0DE4FF0F5F4}"
EndProject
Project("{778DAE3C-4631-46EA-AA77-85C1314464D9}") = "Model2", "OnionCore\Model2\Model2.vbproj", "{A9BC9D72-FCED-42D2-BB98-13E9A1F6B23D}"
EndProject
Project("{2150E333-8FDC-42A3-9474-1A3956D46DE8}") = "Logging", "Logging", "{9DB79550-EAFD-445B-81CE-63CD3C0022D0}"
EndProject
Project("{2150E333-8FDC-42A3-9474-1A3956D46DE8}") = "Events", "Events", "{72B34EEA-F360-4AF7-A5C1-5486D963F714}"
EndProject
Project("{2150E333-8FDC-42A3-9474-1A3956D46DE8}") = "HostAsWindowsService", "HostAsWindowsService", "{F58BC35D-5C00-4F5A-9480-D76F95A48194}"
EndProject
Project("{2150E333-8FDC-42A3-9474-1A3956D46DE8}") = "Hosting", "Hosting", "{959EE0CB-7979-4CCC-ACFA-C509B771FF19}"
EndProject
Project("{9A19103F-16F7-4668-BE54-9A1E7A4F7556}") = "GenericHostAsWindowsService", "Hosting\HostAsWindowsService\GenericHostAsWindowsService\GenericHostAsWindowsService.csproj", "{C3D48ED1-5540-472E-896A-83500AA863DF}"
EndProject
Project("{778DAE3C-4631-46EA-AA77-85C1314464D9}") = "ovaFileWriteAsWindowsService", "Hosting\HostAsWindowsService\ovaFileWriteAsWindowsService\ovaFileWriteAsWindowsService.vbproj", "{DC8BA487-E0CE-457F-90EA-26725F3CF4E8}"
EndProject
Project("{778DAE3C-4631-46EA-AA77-85C1314464D9}") = "Logging.Events", "Logging\Events\LoggingEvents\Logging.Events.vbproj", "{C41B6FDD-866F-4D2F-93AB-21ADB743FA9D}"
EndProject
Project("{778DAE3C-4631-46EA-AA77-85C1314464D9}") = "Logging.Events.Test", "Logging\Events\LoggingEventsTest\Logging.Events.Test.vbproj", "{F8BCEA6E-43FA-44EC-BCD8-F00889F7325C}"
EndProject
Project("{2150E333-8FDC-42A3-9474-1A3956D46DE8}") = "FileLogging", "FileLogging", "{3306BE55-7E7E-407D-9249-1207FCCDB415}"
EndProject
Project("{778DAE3C-4631-46EA-AA77-85C1314464D9}") = "FileLogging", "Logging\FileLogging\FileLogging\FileLogging.vbproj", "{B25E0896-9B44-4EDB-B1BA-A94F87D81B5E}"
EndProject
Project("{778DAE3C-4631-46EA-AA77-85C1314464D9}") = "DbLogging", "Logging\DbLogging\DbLogging.vbproj", "{B0A65337-FE9C-4288-B23B-8ED72FE356A0}"
EndProject
Global
	GlobalSection(SolutionConfigurationPlatforms) = preSolution
		Debug|Any CPU = Debug|Any CPU
		Release|Any CPU = Release|Any CPU
	EndGlobalSection
	GlobalSection(ProjectConfigurationPlatforms) = postSolution
		{0C6B1E07-0A5A-4521-AE60-BC8462A38579}.Debug|Any CPU.ActiveCfg = Debug|Any CPU
		{0C6B1E07-0A5A-4521-AE60-BC8462A38579}.Debug|Any CPU.Build.0 = Debug|Any CPU
		{0C6B1E07-0A5A-4521-AE60-BC8462A38579}.Release|Any CPU.ActiveCfg = Release|Any CPU
		{0C6B1E07-0A5A-4521-AE60-BC8462A38579}.Release|Any CPU.Build.0 = Release|Any CPU
		{7CD4D3C4-EB4F-42AB-B794-2B06D5D4E151}.Debug|Any CPU.ActiveCfg = Debug|Any CPU
		{7CD4D3C4-EB4F-42AB-B794-2B06D5D4E151}.Debug|Any CPU.Build.0 = Debug|Any CPU
		{7CD4D3C4-EB4F-42AB-B794-2B06D5D4E151}.Release|Any CPU.ActiveCfg = Release|Any CPU
		{7CD4D3C4-EB4F-42AB-B794-2B06D5D4E151}.Release|Any CPU.Build.0 = Release|Any CPU
		{6189504C-0F92-49E4-A4CA-90B67071DDBA}.Debug|Any CPU.ActiveCfg = Debug|Any CPU
		{6189504C-0F92-49E4-A4CA-90B67071DDBA}.Debug|Any CPU.Build.0 = Debug|Any CPU
		{6189504C-0F92-49E4-A4CA-90B67071DDBA}.Release|Any CPU.ActiveCfg = Release|Any CPU
		{6189504C-0F92-49E4-A4CA-90B67071DDBA}.Release|Any CPU.Build.0 = Release|Any CPU
		{3CC13180-6121-49BA-8BCA-2769DA15BEEF}.Debug|Any CPU.ActiveCfg = Debug|Any CPU
		{3CC13180-6121-49BA-8BCA-2769DA15BEEF}.Debug|Any CPU.Build.0 = Debug|Any CPU
		{3CC13180-6121-49BA-8BCA-2769DA15BEEF}.Release|Any CPU.ActiveCfg = Release|Any CPU
		{3CC13180-6121-49BA-8BCA-2769DA15BEEF}.Release|Any CPU.Build.0 = Release|Any CPU
		{2BEACBBF-64F8-4497-9CDB-1278F49AA36D}.Debug|Any CPU.ActiveCfg = Debug|Any CPU
		{2BEACBBF-64F8-4497-9CDB-1278F49AA36D}.Debug|Any CPU.Build.0 = Debug|Any CPU
		{2BEACBBF-64F8-4497-9CDB-1278F49AA36D}.Release|Any CPU.ActiveCfg = Release|Any CPU
		{2BEACBBF-64F8-4497-9CDB-1278F49AA36D}.Release|Any CPU.Build.0 = Release|Any CPU
		{B980B716-FF63-46BF-A062-59C98911957D}.Debug|Any CPU.ActiveCfg = Debug|Any CPU
		{B980B716-FF63-46BF-A062-59C98911957D}.Debug|Any CPU.Build.0 = Debug|Any CPU
		{B980B716-FF63-46BF-A062-59C98911957D}.Release|Any CPU.ActiveCfg = Release|Any CPU
		{B980B716-FF63-46BF-A062-59C98911957D}.Release|Any CPU.Build.0 = Release|Any CPU
		{BAAB3830-CF52-419A-95EE-D0DE4FF0F5F4}.Debug|Any CPU.ActiveCfg = Debug|Any CPU
		{BAAB3830-CF52-419A-95EE-D0DE4FF0F5F4}.Debug|Any CPU.Build.0 = Debug|Any CPU
		{BAAB3830-CF52-419A-95EE-D0DE4FF0F5F4}.Release|Any CPU.ActiveCfg = Release|Any CPU
		{BAAB3830-CF52-419A-95EE-D0DE4FF0F5F4}.Release|Any CPU.Build.0 = Release|Any CPU
		{A9BC9D72-FCED-42D2-BB98-13E9A1F6B23D}.Debug|Any CPU.ActiveCfg = Debug|Any CPU
		{A9BC9D72-FCED-42D2-BB98-13E9A1F6B23D}.Debug|Any CPU.Build.0 = Debug|Any CPU
		{A9BC9D72-FCED-42D2-BB98-13E9A1F6B23D}.Release|Any CPU.ActiveCfg = Release|Any CPU
		{A9BC9D72-FCED-42D2-BB98-13E9A1F6B23D}.Release|Any CPU.Build.0 = Release|Any CPU
		{C3D48ED1-5540-472E-896A-83500AA863DF}.Debug|Any CPU.ActiveCfg = Debug|Any CPU
		{C3D48ED1-5540-472E-896A-83500AA863DF}.Debug|Any CPU.Build.0 = Debug|Any CPU
		{C3D48ED1-5540-472E-896A-83500AA863DF}.Release|Any CPU.ActiveCfg = Release|Any CPU
		{C3D48ED1-5540-472E-896A-83500AA863DF}.Release|Any CPU.Build.0 = Release|Any CPU
		{DC8BA487-E0CE-457F-90EA-26725F3CF4E8}.Debug|Any CPU.ActiveCfg = Debug|Any CPU
		{DC8BA487-E0CE-457F-90EA-26725F3CF4E8}.Debug|Any CPU.Build.0 = Debug|Any CPU
		{DC8BA487-E0CE-457F-90EA-26725F3CF4E8}.Release|Any CPU.ActiveCfg = Release|Any CPU
		{DC8BA487-E0CE-457F-90EA-26725F3CF4E8}.Release|Any CPU.Build.0 = Release|Any CPU
		{C41B6FDD-866F-4D2F-93AB-21ADB743FA9D}.Debug|Any CPU.ActiveCfg = Debug|Any CPU
		{C41B6FDD-866F-4D2F-93AB-21ADB743FA9D}.Debug|Any CPU.Build.0 = Debug|Any CPU
		{C41B6FDD-866F-4D2F-93AB-21ADB743FA9D}.Release|Any CPU.ActiveCfg = Release|Any CPU
		{C41B6FDD-866F-4D2F-93AB-21ADB743FA9D}.Release|Any CPU.Build.0 = Release|Any CPU
		{F8BCEA6E-43FA-44EC-BCD8-F00889F7325C}.Debug|Any CPU.ActiveCfg = Debug|Any CPU
		{F8BCEA6E-43FA-44EC-BCD8-F00889F7325C}.Debug|Any CPU.Build.0 = Debug|Any CPU
		{F8BCEA6E-43FA-44EC-BCD8-F00889F7325C}.Release|Any CPU.ActiveCfg = Release|Any CPU
		{F8BCEA6E-43FA-44EC-BCD8-F00889F7325C}.Release|Any CPU.Build.0 = Release|Any CPU
		{B25E0896-9B44-4EDB-B1BA-A94F87D81B5E}.Debug|Any CPU.ActiveCfg = Debug|Any CPU
		{B25E0896-9B44-4EDB-B1BA-A94F87D81B5E}.Debug|Any CPU.Build.0 = Debug|Any CPU
		{B25E0896-9B44-4EDB-B1BA-A94F87D81B5E}.Release|Any CPU.ActiveCfg = Release|Any CPU
		{B25E0896-9B44-4EDB-B1BA-A94F87D81B5E}.Release|Any CPU.Build.0 = Release|Any CPU
		{B0A65337-FE9C-4288-B23B-8ED72FE356A0}.Debug|Any CPU.ActiveCfg = Debug|Any CPU
		{B0A65337-FE9C-4288-B23B-8ED72FE356A0}.Debug|Any CPU.Build.0 = Debug|Any CPU
		{B0A65337-FE9C-4288-B23B-8ED72FE356A0}.Release|Any CPU.ActiveCfg = Release|Any CPU
		{B0A65337-FE9C-4288-B23B-8ED72FE356A0}.Release|Any CPU.Build.0 = Release|Any CPU
	EndGlobalSection
	GlobalSection(SolutionProperties) = preSolution
		HideSolutionNode = FALSE
	EndGlobalSection
	GlobalSection(NestedProjects) = preSolution
		{0C6B1E07-0A5A-4521-AE60-BC8462A38579} = {0FF52DFB-50A7-460F-AE58-A07C9DFF9FA1}
		{7CD4D3C4-EB4F-42AB-B794-2B06D5D4E151} = {0FF52DFB-50A7-460F-AE58-A07C9DFF9FA1}
		{6189504C-0F92-49E4-A4CA-90B67071DDBA} = {959EE0CB-7979-4CCC-ACFA-C509B771FF19}
		{2BEACBBF-64F8-4497-9CDB-1278F49AA36D} = {289D8847-A27C-4D94-B1AD-E04EA5AADB49}
		{B980B716-FF63-46BF-A062-59C98911957D} = {289D8847-A27C-4D94-B1AD-E04EA5AADB49}
		{BAAB3830-CF52-419A-95EE-D0DE4FF0F5F4} = {289D8847-A27C-4D94-B1AD-E04EA5AADB49}
		{A9BC9D72-FCED-42D2-BB98-13E9A1F6B23D} = {289D8847-A27C-4D94-B1AD-E04EA5AADB49}
		{72B34EEA-F360-4AF7-A5C1-5486D963F714} = {9DB79550-EAFD-445B-81CE-63CD3C0022D0}
		{F58BC35D-5C00-4F5A-9480-D76F95A48194} = {959EE0CB-7979-4CCC-ACFA-C509B771FF19}
		{C3D48ED1-5540-472E-896A-83500AA863DF} = {F58BC35D-5C00-4F5A-9480-D76F95A48194}
		{DC8BA487-E0CE-457F-90EA-26725F3CF4E8} = {F58BC35D-5C00-4F5A-9480-D76F95A48194}
		{C41B6FDD-866F-4D2F-93AB-21ADB743FA9D} = {72B34EEA-F360-4AF7-A5C1-5486D963F714}
		{F8BCEA6E-43FA-44EC-BCD8-F00889F7325C} = {72B34EEA-F360-4AF7-A5C1-5486D963F714}
		{3306BE55-7E7E-407D-9249-1207FCCDB415} = {9DB79550-EAFD-445B-81CE-63CD3C0022D0}
		{B25E0896-9B44-4EDB-B1BA-A94F87D81B5E} = {3306BE55-7E7E-407D-9249-1207FCCDB415}
		{B0A65337-FE9C-4288-B23B-8ED72FE356A0} = {9DB79550-EAFD-445B-81CE-63CD3C0022D0}
	EndGlobalSection
	GlobalSection(ExtensibilityGlobals) = postSolution
		SolutionGuid = {BF299FD6-6CFC-4CC6-8A1F-C2B27E0B101D}
	EndGlobalSection
EndGlobal
